
Microsoft Visual Studio Solution File, Format Version 12.00
# Visual Studio Version 17
VisualStudioVersion = 17.7.34031.279
MinimumVisualStudioVersion = 10.0.40219.1
Project("{9A19103F-16F7-4668-BE54-9A1E7A4F7556}") = "exam", "exam.csproj", "{91D9B276-33DA-4195-B567-2D5E1B4E0E64}"
EndProject
Project("{9A19103F-16F7-4668-BE54-9A1E7A4F7556}") = "DataModels", "..\DataModels\DataModels.csproj", "{EEBA4039-9777-473E-99E3-2BBCAD29B38C}"
EndProject
Project("{9A19103F-16F7-4668-BE54-9A1E7A4F7556}") = "Contracts", "..\Contracts\Contracts.csproj", "{6D2C3FEA-636E-4640-BFBD-1F444A172AC1}"
EndProject
Project("{FAE04EC0-301F-11D3-BF4B-00C04F79EFBC}") = "ShopListImplement", "..\ShopListImplement\ShopListImplement.csproj", "{987342F8-9689-479B-9D28-A0E3E9ED1F8B}"
EndProject
Global
	GlobalSection(SolutionConfigurationPlatforms) = preSolution
		Debug|Any CPU = Debug|Any CPU
		Release|Any CPU = Release|Any CPU
	EndGlobalSection
	GlobalSection(ProjectConfigurationPlatforms) = postSolution
		{91D9B276-33DA-4195-B567-2D5E1B4E0E64}.Debug|Any CPU.ActiveCfg = Debug|Any CPU
		{91D9B276-33DA-4195-B567-2D5E1B4E0E64}.Debug|Any CPU.Build.0 = Debug|Any CPU
		{91D9B276-33DA-4195-B567-2D5E1B4E0E64}.Release|Any CPU.ActiveCfg = Release|Any CPU
		{91D9B276-33DA-4195-B567-2D5E1B4E0E64}.Release|Any CPU.Build.0 = Release|Any CPU
		{EEBA4039-9777-473E-99E3-2BBCAD29B38C}.Debug|Any CPU.ActiveCfg = Debug|Any CPU
		{EEBA4039-9777-473E-99E3-2BBCAD29B38C}.Debug|Any CPU.Build.0 = Debug|Any CPU
		{EEBA4039-9777-473E-99E3-2BBCAD29B38C}.Release|Any CPU.ActiveCfg = Release|Any CPU
		{EEBA4039-9777-473E-99E3-2BBCAD29B38C}.Release|Any CPU.Build.0 = Release|Any CPU
		{6D2C3FEA-636E-4640-BFBD-1F444A172AC1}.Debug|Any CPU.ActiveCfg = Debug|Any CPU
		{6D2C3FEA-636E-4640-BFBD-1F444A172AC1}.Debug|Any CPU.Build.0 = Debug|Any CPU
		{6D2C3FEA-636E-4640-BFBD-1F444A172AC1}.Release|Any CPU.ActiveCfg = Release|Any CPU
		{6D2C3FEA-636E-4640-BFBD-1F444A172AC1}.Release|Any CPU.Build.0 = Release|Any CPU
		{987342F8-9689-479B-9D28-A0E3E9ED1F8B}.Debug|Any CPU.ActiveCfg = Debug|Any CPU
		{987342F8-9689-479B-9D28-A0E3E9ED1F8B}.Debug|Any CPU.Build.0 = Debug|Any CPU
		{987342F8-9689-479B-9D28-A0E3E9ED1F8B}.Release|Any CPU.ActiveCfg = Release|Any CPU
		{987342F8-9689-479B-9D28-A0E3E9ED1F8B}.Release|Any CPU.Build.0 = Release|Any CPU
	EndGlobalSection
	GlobalSection(SolutionProperties) = preSolution
		HideSolutionNode = FALSE
	EndGlobalSection
	GlobalSection(ExtensibilityGlobals) = postSolution
		SolutionGuid = {7E01831F-A21E-46C3-8624-DEA452C5087B}
	EndGlobalSection
EndGlobal
